
Microsoft Visual Studio Solution File, Format Version 12.00
# Visual Studio Version 16
VisualStudioVersion = 16.0.29102.190
MinimumVisualStudioVersion = 10.0.40219.1
Project("{FAE04EC0-301F-11D3-BF4B-00C04F79EFBC}") = "WordCountGUI", "WordCountGUI.csproj", "{4C8A03C0-2D79-4F42-81ED-ED6B31262376}"
EndProject
Global
	GlobalSection(SolutionConfigurationPlatforms) = preSolution
		Debug|Any CPU = Debug|Any CPU
		Release|Any CPU = Release|Any CPU
	EndGlobalSection
	GlobalSection(ProjectConfigurationPlatforms) = postSolution
		{4C8A03C0-2D79-4F42-81ED-ED6B31262376}.Debug|Any CPU.ActiveCfg = Debug|Any CPU
		{4C8A03C0-2D79-4F42-81ED-ED6B31262376}.Debug|Any CPU.Build.0 = Debug|Any CPU
		{4C8A03C0-2D79-4F42-81ED-ED6B31262376}.Release|Any CPU.ActiveCfg = Release|Any CPU
		{4C8A03C0-2D79-4F42-81ED-ED6B31262376}.Release|Any CPU.Build.0 = Release|Any CPU
	EndGlobalSection
	GlobalSection(SolutionProperties) = preSolution
		HideSolutionNode = FALSE
	EndGlobalSection
	GlobalSection(ExtensibilityGlobals) = postSolution
		SolutionGuid = {73D5742F-E1AC-4609-9CE3-18B57F28F8EC}
	EndGlobalSection
EndGlobal
